// !$*UTF8*$!
{
	archiveVersion = 1;
	classes = {
	};
	objectVersion = 50;
	objects = {

/* Begin PBXBuildFile section */
		7908A6B4223D21C2001DED45 /* TableViewCellForCalendar.swift in Sources */ = {isa = PBXBuildFile; fileRef = 7908A6B3223D21C2001DED45 /* TableViewCellForCalendar.swift */; };
		7916D770223F3436002AD8C6 /* NameAndImgChangeViewController.swift in Sources */ = {isa = PBXBuildFile; fileRef = 7916D76F223F3436002AD8C6 /* NameAndImgChangeViewController.swift */; };
		7916D772223F3837002AD8C6 /* NameAndImgChangeView.swift in Sources */ = {isa = PBXBuildFile; fileRef = 7916D771223F3837002AD8C6 /* NameAndImgChangeView.swift */; };
		79267D29223E201000DA3840 /* TableViewCellForAnniversary.swift in Sources */ = {isa = PBXBuildFile; fileRef = 79267D28223E201000DA3840 /* TableViewCellForAnniversary.swift */; };
		79274C232230F9D4005F1F2D /* AppDelegate.swift in Sources */ = {isa = PBXBuildFile; fileRef = 79274C222230F9D4005F1F2D /* AppDelegate.swift */; };
		79274C252230F9D4005F1F2D /* FirstUseViewController1.swift in Sources */ = {isa = PBXBuildFile; fileRef = 79274C242230F9D4005F1F2D /* FirstUseViewController1.swift */; };
		79274C282230F9D4005F1F2D /* Main.storyboard in Resources */ = {isa = PBXBuildFile; fileRef = 79274C262230F9D4005F1F2D /* Main.storyboard */; };
		79274C2A2230F9D5005F1F2D /* Assets.xcassets in Resources */ = {isa = PBXBuildFile; fileRef = 79274C292230F9D5005F1F2D /* Assets.xcassets */; };
		79274C2D2230F9D5005F1F2D /* LaunchScreen.storyboard in Resources */ = {isa = PBXBuildFile; fileRef = 79274C2B2230F9D5005F1F2D /* LaunchScreen.storyboard */; };
		7933FD3F2238D66800EB4276 /* MainViewController.swift in Sources */ = {isa = PBXBuildFile; fileRef = 7933FD3E2238D66800EB4276 /* MainViewController.swift */; };
		7933FD412238D6C400EB4276 /* MainView.swift in Sources */ = {isa = PBXBuildFile; fileRef = 7933FD402238D6C400EB4276 /* MainView.swift */; };
		793670872244CFE800185E97 /* DatePickerView.swift in Sources */ = {isa = PBXBuildFile; fileRef = 793670862244CFE800185E97 /* DatePickerView.swift */; };
		7948909F2232013E00013884 /* FirstUserView.swift in Sources */ = {isa = PBXBuildFile; fileRef = 7948909E2232013E00013884 /* FirstUserView.swift */; };
		794890A12232233700013884 /* FirstUseViewController2.swift in Sources */ = {isa = PBXBuildFile; fileRef = 794890A02232233700013884 /* FirstUseViewController2.swift */; };
		794890A32232233A00013884 /* FirstUseViewController3.swift in Sources */ = {isa = PBXBuildFile; fileRef = 794890A22232233A00013884 /* FirstUseViewController3.swift */; };
		795574B5224216BD00A0C83A /* SettingsViewController.swift in Sources */ = {isa = PBXBuildFile; fileRef = 795574B4224216BD00A0C83A /* SettingsViewController.swift */; };
		79C5A5DD223B44E400B8D199 /* CalendarViewController.swift in Sources */ = {isa = PBXBuildFile; fileRef = 79C5A5DC223B44E400B8D199 /* CalendarViewController.swift */; };
		79C5A5DF223B48E000B8D199 /* CalendarView.swift in Sources */ = {isa = PBXBuildFile; fileRef = 79C5A5DE223B48E000B8D199 /* CalendarView.swift */; };
		79C5A5E1223B7DDC00B8D199 /* CalenderDataCenter.swift in Sources */ = {isa = PBXBuildFile; fileRef = 79C5A5E0223B7DDC00B8D199 /* CalenderDataCenter.swift */; };
		79EA3A1F223F6C2000417EC4 /* NameChangeViewController.swift in Sources */ = {isa = PBXBuildFile; fileRef = 79EA3A1E223F6C2000417EC4 /* NameChangeViewController.swift */; };
		79EA3A21223F6C3900417EC4 /* NameChangeView.swift in Sources */ = {isa = PBXBuildFile; fileRef = 79EA3A20223F6C3900417EC4 /* NameChangeView.swift */; };
		79EA3A49224335A1002A441A /* SettingView.swift in Sources */ = {isa = PBXBuildFile; fileRef = 79EA3A48224335A1002A441A /* SettingView.swift */; };
		C33360A236A44B004EB79BD1 /* Pods_LoveCounterApp.framework in Frameworks */ = {isa = PBXBuildFile; fileRef = 62C68CC37133AB2B32EC53C8 /* Pods_LoveCounterApp.framework */; };
/* End PBXBuildFile section */

/* Begin PBXFileReference section */
		62C68CC37133AB2B32EC53C8 /* Pods_LoveCounterApp.framework */ = {isa = PBXFileReference; explicitFileType = wrapper.framework; includeInIndex = 0; path = Pods_LoveCounterApp.framework; sourceTree = BUILT_PRODUCTS_DIR; };
		7908A6B3223D21C2001DED45 /* TableViewCellForCalendar.swift */ = {isa = PBXFileReference; lastKnownFileType = sourcecode.swift; path = TableViewCellForCalendar.swift; sourceTree = "<group>"; };
		7916D76F223F3436002AD8C6 /* NameAndImgChangeViewController.swift */ = {isa = PBXFileReference; lastKnownFileType = sourcecode.swift; path = NameAndImgChangeViewController.swift; sourceTree = "<group>"; };
		7916D771223F3837002AD8C6 /* NameAndImgChangeView.swift */ = {isa = PBXFileReference; lastKnownFileType = sourcecode.swift; path = NameAndImgChangeView.swift; sourceTree = "<group>"; };
		79267D28223E201000DA3840 /* TableViewCellForAnniversary.swift */ = {isa = PBXFileReference; lastKnownFileType = sourcecode.swift; path = TableViewCellForAnniversary.swift; sourceTree = "<group>"; };
		79274C1F2230F9D4005F1F2D /* LoveCounterApp.app */ = {isa = PBXFileReference; explicitFileType = wrapper.application; includeInIndex = 0; path = LoveCounterApp.app; sourceTree = BUILT_PRODUCTS_DIR; };
		79274C222230F9D4005F1F2D /* AppDelegate.swift */ = {isa = PBXFileReference; lastKnownFileType = sourcecode.swift; path = AppDelegate.swift; sourceTree = "<group>"; };
		79274C242230F9D4005F1F2D /* FirstUseViewController1.swift */ = {isa = PBXFileReference; lastKnownFileType = sourcecode.swift; path = FirstUseViewController1.swift; sourceTree = "<group>"; };
		79274C272230F9D4005F1F2D /* Base */ = {isa = PBXFileReference; lastKnownFileType = file.storyboard; name = Base; path = Base.lproj/Main.storyboard; sourceTree = "<group>"; };
		79274C292230F9D5005F1F2D /* Assets.xcassets */ = {isa = PBXFileReference; lastKnownFileType = folder.assetcatalog; path = Assets.xcassets; sourceTree = "<group>"; };
		79274C2C2230F9D5005F1F2D /* Base */ = {isa = PBXFileReference; lastKnownFileType = file.storyboard; name = Base; path = Base.lproj/LaunchScreen.storyboard; sourceTree = "<group>"; };
		79274C2E2230F9D5005F1F2D /* Info.plist */ = {isa = PBXFileReference; lastKnownFileType = text.plist.xml; path = Info.plist; sourceTree = "<group>"; };
		7933FD3E2238D66800EB4276 /* MainViewController.swift */ = {isa = PBXFileReference; lastKnownFileType = sourcecode.swift; path = MainViewController.swift; sourceTree = "<group>"; };
		7933FD402238D6C400EB4276 /* MainView.swift */ = {isa = PBXFileReference; lastKnownFileType = sourcecode.swift; path = MainView.swift; sourceTree = "<group>"; };
		793670862244CFE800185E97 /* DatePickerView.swift */ = {isa = PBXFileReference; lastKnownFileType = sourcecode.swift; path = DatePickerView.swift; sourceTree = "<group>"; };
		7948909E2232013E00013884 /* FirstUserView.swift */ = {isa = PBXFileReference; lastKnownFileType = sourcecode.swift; path = FirstUserView.swift; sourceTree = "<group>"; };
		794890A02232233700013884 /* FirstUseViewController2.swift */ = {isa = PBXFileReference; lastKnownFileType = sourcecode.swift; path = FirstUseViewController2.swift; sourceTree = "<group>"; };
		794890A22232233A00013884 /* FirstUseViewController3.swift */ = {isa = PBXFileReference; lastKnownFileType = sourcecode.swift; path = FirstUseViewController3.swift; sourceTree = "<group>"; };
		795574B4224216BD00A0C83A /* SettingsViewController.swift */ = {isa = PBXFileReference; lastKnownFileType = sourcecode.swift; path = SettingsViewController.swift; sourceTree = "<group>"; };
		79C5A5DC223B44E400B8D199 /* CalendarViewController.swift */ = {isa = PBXFileReference; lastKnownFileType = sourcecode.swift; path = CalendarViewController.swift; sourceTree = "<group>"; };
		79C5A5DE223B48E000B8D199 /* CalendarView.swift */ = {isa = PBXFileReference; lastKnownFileType = sourcecode.swift; path = CalendarView.swift; sourceTree = "<group>"; };
		79C5A5E0223B7DDC00B8D199 /* CalenderDataCenter.swift */ = {isa = PBXFileReference; lastKnownFileType = sourcecode.swift; path = CalenderDataCenter.swift; sourceTree = "<group>"; };
		79EA3A1E223F6C2000417EC4 /* NameChangeViewController.swift */ = {isa = PBXFileReference; lastKnownFileType = sourcecode.swift; path = NameChangeViewController.swift; sourceTree = "<group>"; };
		79EA3A20223F6C3900417EC4 /* NameChangeView.swift */ = {isa = PBXFileReference; lastKnownFileType = sourcecode.swift; path = NameChangeView.swift; sourceTree = "<group>"; };
		79EA3A48224335A1002A441A /* SettingView.swift */ = {isa = PBXFileReference; lastKnownFileType = sourcecode.swift; path = SettingView.swift; sourceTree = "<group>"; };
		B0FC2498124851B8B85D0E3E /* Pods-LoveCounterApp.release.xcconfig */ = {isa = PBXFileReference; includeInIndex = 1; lastKnownFileType = text.xcconfig; name = "Pods-LoveCounterApp.release.xcconfig"; path = "Pods/Target Support Files/Pods-LoveCounterApp/Pods-LoveCounterApp.release.xcconfig"; sourceTree = "<group>"; };
		EFFE6A37D8236F503A20937D /* Pods-LoveCounterApp.debug.xcconfig */ = {isa = PBXFileReference; includeInIndex = 1; lastKnownFileType = text.xcconfig; name = "Pods-LoveCounterApp.debug.xcconfig"; path = "Pods/Target Support Files/Pods-LoveCounterApp/Pods-LoveCounterApp.debug.xcconfig"; sourceTree = "<group>"; };
/* End PBXFileReference section */

/* Begin PBXFrameworksBuildPhase section */
		79274C1C2230F9D4005F1F2D /* Frameworks */ = {
			isa = PBXFrameworksBuildPhase;
			buildActionMask = 2147483647;
			files = (
				C33360A236A44B004EB79BD1 /* Pods_LoveCounterApp.framework in Frameworks */,
			);
			runOnlyForDeploymentPostprocessing = 0;
		};
/* End PBXFrameworksBuildPhase section */

/* Begin PBXGroup section */
		79274C162230F9D4005F1F2D = {
			isa = PBXGroup;
			children = (
				79274C212230F9D4005F1F2D /* LoveCounterApp */,
				79274C202230F9D4005F1F2D /* Products */,
				AC22E383E098CC6B251282D6 /* Pods */,
				B834C3A5BED3472CA1B5A5CB /* Frameworks */,
			);
			sourceTree = "<group>";
		};
		79274C202230F9D4005F1F2D /* Products */ = {
			isa = PBXGroup;
			children = (
				79274C1F2230F9D4005F1F2D /* LoveCounterApp.app */,
			);
			name = Products;
			sourceTree = "<group>";
		};
		79274C212230F9D4005F1F2D /* LoveCounterApp */ = {
			isa = PBXGroup;
			children = (
				7948909D2231FAD000013884 /* Model */,
				7948909B2231FABF00013884 /* View */,
				7948909C2231FAC900013884 /* Controller */,
				79274C222230F9D4005F1F2D /* AppDelegate.swift */,
				79274C262230F9D4005F1F2D /* Main.storyboard */,
				79274C292230F9D5005F1F2D /* Assets.xcassets */,
				79274C2B2230F9D5005F1F2D /* LaunchScreen.storyboard */,
				79274C2E2230F9D5005F1F2D /* Info.plist */,
			);
			path = LoveCounterApp;
			sourceTree = "<group>";
		};
		7948909B2231FABF00013884 /* View */ = {
			isa = PBXGroup;
			children = (
				79EA3A472243358C002A441A /* Settings */,
				79DBA5F92240B8E000F29C3F /* FirstUser */,
				79DBA5FA2240B8FE00F29C3F /* Main */,
				79DBA5FB2240B91500F29C3F /* Calendar */,
				79DBA5FC2240B95700F29C3F /* NameAndImg */,
			);
			path = View;
			sourceTree = "<group>";
		};
		7948909C2231FAC900013884 /* Controller */ = {
			isa = PBXGroup;
			children = (
				795574B32242160D00A0C83A /* Settings */,
				79DBA5FD2240B9AE00F29C3F /* FirstUse */,
				79DBA5FE2240B9BE00F29C3F /* Main */,
				79DBA5FF2240B9C800F29C3F /* Calendar */,
				79DBA6002240B9DA00F29C3F /* NameAndImg */,
			);
			path = Controller;
			sourceTree = "<group>";
		};
		7948909D2231FAD000013884 /* Model */ = {
			isa = PBXGroup;
			children = (
				79C5A5E0223B7DDC00B8D199 /* CalenderDataCenter.swift */,
			);
			path = Model;
			sourceTree = "<group>";
		};
		795574B32242160D00A0C83A /* Settings */ = {
			isa = PBXGroup;
			children = (
				795574B4224216BD00A0C83A /* SettingsViewController.swift */,
			);
			path = Settings;
			sourceTree = "<group>";
		};
		79DBA5F92240B8E000F29C3F /* FirstUser */ = {
			isa = PBXGroup;
			children = (
				7948909E2232013E00013884 /* FirstUserView.swift */,
			);
			path = FirstUser;
			sourceTree = "<group>";
		};
		79DBA5FA2240B8FE00F29C3F /* Main */ = {
			isa = PBXGroup;
			children = (
				7933FD402238D6C400EB4276 /* MainView.swift */,
			);
			path = Main;
			sourceTree = "<group>";
		};
		79DBA5FB2240B91500F29C3F /* Calendar */ = {
			isa = PBXGroup;
			children = (
				79C5A5DE223B48E000B8D199 /* CalendarView.swift */,
				7908A6B3223D21C2001DED45 /* TableViewCellForCalendar.swift */,
				79267D28223E201000DA3840 /* TableViewCellForAnniversary.swift */,
			);
			path = Calendar;
			sourceTree = "<group>";
		};
		79DBA5FC2240B95700F29C3F /* NameAndImg */ = {
			isa = PBXGroup;
			children = (
				7916D771223F3837002AD8C6 /* NameAndImgChangeView.swift */,
				79EA3A20223F6C3900417EC4 /* NameChangeView.swift */,
			);
			path = NameAndImg;
			sourceTree = "<group>";
		};
		79DBA5FD2240B9AE00F29C3F /* FirstUse */ = {
			isa = PBXGroup;
			children = (
				79274C242230F9D4005F1F2D /* FirstUseViewController1.swift */,
				794890A02232233700013884 /* FirstUseViewController2.swift */,
				794890A22232233A00013884 /* FirstUseViewController3.swift */,
			);
			path = FirstUse;
			sourceTree = "<group>";
		};
		79DBA5FE2240B9BE00F29C3F /* Main */ = {
			isa = PBXGroup;
			children = (
				7933FD3E2238D66800EB4276 /* MainViewController.swift */,
			);
			path = Main;
			sourceTree = "<group>";
		};
		79DBA5FF2240B9C800F29C3F /* Calendar */ = {
			isa = PBXGroup;
			children = (
				79C5A5DC223B44E400B8D199 /* CalendarViewController.swift */,
			);
			path = Calendar;
			sourceTree = "<group>";
		};
		79DBA6002240B9DA00F29C3F /* NameAndImg */ = {
			isa = PBXGroup;
			children = (
				7916D76F223F3436002AD8C6 /* NameAndImgChangeViewController.swift */,
				79EA3A1E223F6C2000417EC4 /* NameChangeViewController.swift */,
			);
			path = NameAndImg;
			sourceTree = "<group>";
		};
		79EA3A472243358C002A441A /* Settings */ = {
			isa = PBXGroup;
			children = (
				79EA3A48224335A1002A441A /* SettingView.swift */,
				793670862244CFE800185E97 /* DatePickerView.swift */,
			);
			path = Settings;
			sourceTree = "<group>";
		};
		AC22E383E098CC6B251282D6 /* Pods */ = {
			isa = PBXGroup;
			children = (
				EFFE6A37D8236F503A20937D /* Pods-LoveCounterApp.debug.xcconfig */,
				B0FC2498124851B8B85D0E3E /* Pods-LoveCounterApp.release.xcconfig */,
			);
			name = Pods;
			sourceTree = "<group>";
		};
		B834C3A5BED3472CA1B5A5CB /* Frameworks */ = {
			isa = PBXGroup;
			children = (
				62C68CC37133AB2B32EC53C8 /* Pods_LoveCounterApp.framework */,
			);
			name = Frameworks;
			sourceTree = "<group>";
		};
/* End PBXGroup section */

/* Begin PBXNativeTarget section */
		79274C1E2230F9D4005F1F2D /* LoveCounterApp */ = {
			isa = PBXNativeTarget;
			buildConfigurationList = 79274C312230F9D5005F1F2D /* Build configuration list for PBXNativeTarget "LoveCounterApp" */;
			buildPhases = (
				3F0735C7FFF5DDB06E15186E /* [CP] Check Pods Manifest.lock */,
				79274C1B2230F9D4005F1F2D /* Sources */,
				79274C1C2230F9D4005F1F2D /* Frameworks */,
				79274C1D2230F9D4005F1F2D /* Resources */,
				AB31207491D9AEFF563D7431 /* [CP] Embed Pods Frameworks */,
			);
			buildRules = (
			);
			dependencies = (
			);
			name = LoveCounterApp;
			productName = LoveCounterApp;
			productReference = 79274C1F2230F9D4005F1F2D /* LoveCounterApp.app */;
			productType = "com.apple.product-type.application";
		};
/* End PBXNativeTarget section */

/* Begin PBXProject section */
		79274C172230F9D4005F1F2D /* Project object */ = {
			isa = PBXProject;
			attributes = {
				LastSwiftUpdateCheck = 1010;
				LastUpgradeCheck = 1010;
				ORGANIZATIONNAME = "richard oh";
				TargetAttributes = {
					79274C1E2230F9D4005F1F2D = {
						CreatedOnToolsVersion = 10.1;
						LastSwiftMigration = 1020;
					};
				};
			};
			buildConfigurationList = 79274C1A2230F9D4005F1F2D /* Build configuration list for PBXProject "LoveCounterApp" */;
			compatibilityVersion = "Xcode 9.3";
			developmentRegion = en;
			hasScannedForEncodings = 0;
			knownRegions = (
				en,
				Base,
			);
			mainGroup = 79274C162230F9D4005F1F2D;
			productRefGroup = 79274C202230F9D4005F1F2D /* Products */;
			projectDirPath = "";
			projectRoot = "";
			targets = (
				79274C1E2230F9D4005F1F2D /* LoveCounterApp */,
			);
		};
/* End PBXProject section */

/* Begin PBXResourcesBuildPhase section */
		79274C1D2230F9D4005F1F2D /* Resources */ = {
			isa = PBXResourcesBuildPhase;
			buildActionMask = 2147483647;
			files = (
				79274C2D2230F9D5005F1F2D /* LaunchScreen.storyboard in Resources */,
				79274C2A2230F9D5005F1F2D /* Assets.xcassets in Resources */,
				79274C282230F9D4005F1F2D /* Main.storyboard in Resources */,
			);
			runOnlyForDeploymentPostprocessing = 0;
		};
/* End PBXResourcesBuildPhase section */

/* Begin PBXShellScriptBuildPhase section */
		3F0735C7FFF5DDB06E15186E /* [CP] Check Pods Manifest.lock */ = {
			isa = PBXShellScriptBuildPhase;
			buildActionMask = 2147483647;
			files = (
			);
			inputFileListPaths = (
			);
			inputPaths = (
				"${PODS_PODFILE_DIR_PATH}/Podfile.lock",
				"${PODS_ROOT}/Manifest.lock",
			);
			name = "[CP] Check Pods Manifest.lock";
			outputFileListPaths = (
			);
			outputPaths = (
				"$(DERIVED_FILE_DIR)/Pods-LoveCounterApp-checkManifestLockResult.txt",
			);
			runOnlyForDeploymentPostprocessing = 0;
			shellPath = /bin/sh;
			shellScript = "diff \"${PODS_PODFILE_DIR_PATH}/Podfile.lock\" \"${PODS_ROOT}/Manifest.lock\" > /dev/null\nif [ $? != 0 ] ; then\n    # print error to STDERR\n    echo \"error: The sandbox is not in sync with the Podfile.lock. Run 'pod install' or update your CocoaPods installation.\" >&2\n    exit 1\nfi\n# This output is used by Xcode 'outputs' to avoid re-running this script phase.\necho \"SUCCESS\" > \"${SCRIPT_OUTPUT_FILE_0}\"\n";
			showEnvVarsInLog = 0;
		};
		AB31207491D9AEFF563D7431 /* [CP] Embed Pods Frameworks */ = {
			isa = PBXShellScriptBuildPhase;
			buildActionMask = 2147483647;
			files = (
			);
			inputFileListPaths = (
			);
			inputPaths = (
				"${SRCROOT}/Pods/Target Support Files/Pods-LoveCounterApp/Pods-LoveCounterApp-frameworks.sh",
				"${BUILT_PRODUCTS_DIR}/SnapKit/SnapKit.framework",
			);
			name = "[CP] Embed Pods Frameworks";
			outputFileListPaths = (
			);
			outputPaths = (
				"${TARGET_BUILD_DIR}/${FRAMEWORKS_FOLDER_PATH}/SnapKit.framework",
			);
			runOnlyForDeploymentPostprocessing = 0;
			shellPath = /bin/sh;
			shellScript = "\"${SRCROOT}/Pods/Target Support Files/Pods-LoveCounterApp/Pods-LoveCounterApp-frameworks.sh\"\n";
			showEnvVarsInLog = 0;
		};
/* End PBXShellScriptBuildPhase section */

/* Begin PBXSourcesBuildPhase section */
		79274C1B2230F9D4005F1F2D /* Sources */ = {
			isa = PBXSourcesBuildPhase;
			buildActionMask = 2147483647;
			files = (
				79267D29223E201000DA3840 /* TableViewCellForAnniversary.swift in Sources */,
				79EA3A21223F6C3900417EC4 /* NameChangeView.swift in Sources */,
				79C5A5DD223B44E400B8D199 /* CalendarViewController.swift in Sources */,
				79EA3A49224335A1002A441A /* SettingView.swift in Sources */,
				79EA3A1F223F6C2000417EC4 /* NameChangeViewController.swift in Sources */,
				79C5A5E1223B7DDC00B8D199 /* CalenderDataCenter.swift in Sources */,
				79274C252230F9D4005F1F2D /* FirstUseViewController1.swift in Sources */,
				793670872244CFE800185E97 /* DatePickerView.swift in Sources */,
				7933FD412238D6C400EB4276 /* MainView.swift in Sources */,
				794890A12232233700013884 /* FirstUseViewController2.swift in Sources */,
				79274C232230F9D4005F1F2D /* AppDelegate.swift in Sources */,
				7916D772223F3837002AD8C6 /* NameAndImgChangeView.swift in Sources */,
				79C5A5DF223B48E000B8D199 /* CalendarView.swift in Sources */,
				7933FD3F2238D66800EB4276 /* MainViewController.swift in Sources */,
				795574B5224216BD00A0C83A /* SettingsViewController.swift in Sources */,
				794890A32232233A00013884 /* FirstUseViewController3.swift in Sources */,
				7908A6B4223D21C2001DED45 /* TableViewCellForCalendar.swift in Sources */,
				7916D770223F3436002AD8C6 /* NameAndImgChangeViewController.swift in Sources */,
				7948909F2232013E00013884 /* FirstUserView.swift in Sources */,
			);
			runOnlyForDeploymentPostprocessing = 0;
		};
/* End PBXSourcesBuildPhase section */

/* Begin PBXVariantGroup section */
		79274C262230F9D4005F1F2D /* Main.storyboard */ = {
			isa = PBXVariantGroup;
			children = (
				79274C272230F9D4005F1F2D /* Base */,
			);
			name = Main.storyboard;
			sourceTree = "<group>";
		};
		79274C2B2230F9D5005F1F2D /* LaunchScreen.storyboard */ = {
			isa = PBXVariantGroup;
			children = (
				79274C2C2230F9D5005F1F2D /* Base */,
			);
			name = LaunchScreen.storyboard;
			sourceTree = "<group>";
		};
/* End PBXVariantGroup section */

/* Begin XCBuildConfiguration section */
		79274C2F2230F9D5005F1F2D /* Debug */ = {
			isa = XCBuildConfiguration;
			buildSettings = {
				ALWAYS_SEARCH_USER_PATHS = NO;
				CLANG_ANALYZER_NONNULL = YES;
				CLANG_ANALYZER_NUMBER_OBJECT_CONVERSION = YES_AGGRESSIVE;
				CLANG_CXX_LANGUAGE_STANDARD = "gnu++14";
				CLANG_CXX_LIBRARY = "libc++";
				CLANG_ENABLE_MODULES = YES;
				CLANG_ENABLE_OBJC_ARC = YES;
				CLANG_ENABLE_OBJC_WEAK = YES;
				CLANG_WARN_BLOCK_CAPTURE_AUTORELEASING = YES;
				CLANG_WARN_BOOL_CONVERSION = YES;
				CLANG_WARN_COMMA = YES;
				CLANG_WARN_CONSTANT_CONVERSION = YES;
				CLANG_WARN_DEPRECATED_OBJC_IMPLEMENTATIONS = YES;
				CLANG_WARN_DIRECT_OBJC_ISA_USAGE = YES_ERROR;
				CLANG_WARN_DOCUMENTATION_COMMENTS = YES;
				CLANG_WARN_EMPTY_BODY = YES;
				CLANG_WARN_ENUM_CONVERSION = YES;
				CLANG_WARN_INFINITE_RECURSION = YES;
				CLANG_WARN_INT_CONVERSION = YES;
				CLANG_WARN_NON_LITERAL_NULL_CONVERSION = YES;
				CLANG_WARN_OBJC_IMPLICIT_RETAIN_SELF = YES;
				CLANG_WARN_OBJC_LITERAL_CONVERSION = YES;
				CLANG_WARN_OBJC_ROOT_CLASS = YES_ERROR;
				CLANG_WARN_RANGE_LOOP_ANALYSIS = YES;
				CLANG_WARN_STRICT_PROTOTYPES = YES;
				CLANG_WARN_SUSPICIOUS_MOVE = YES;
				CLANG_WARN_UNGUARDED_AVAILABILITY = YES_AGGRESSIVE;
				CLANG_WARN_UNREACHABLE_CODE = YES;
				CLANG_WARN__DUPLICATE_METHOD_MATCH = YES;
				CODE_SIGN_IDENTITY = "iPhone Developer";
				COPY_PHASE_STRIP = NO;
				DEBUG_INFORMATION_FORMAT = dwarf;
				ENABLE_STRICT_OBJC_MSGSEND = YES;
				ENABLE_TESTABILITY = YES;
				GCC_C_LANGUAGE_STANDARD = gnu11;
				GCC_DYNAMIC_NO_PIC = NO;
				GCC_NO_COMMON_BLOCKS = YES;
				GCC_OPTIMIZATION_LEVEL = 0;
				GCC_PREPROCESSOR_DEFINITIONS = (
					"DEBUG=1",
					"$(inherited)",
				);
				GCC_WARN_64_TO_32_BIT_CONVERSION = YES;
				GCC_WARN_ABOUT_RETURN_TYPE = YES_ERROR;
				GCC_WARN_UNDECLARED_SELECTOR = YES;
				GCC_WARN_UNINITIALIZED_AUTOS = YES_AGGRESSIVE;
				GCC_WARN_UNUSED_FUNCTION = YES;
				GCC_WARN_UNUSED_VARIABLE = YES;
				IPHONEOS_DEPLOYMENT_TARGET = 11.4;
				MTL_ENABLE_DEBUG_INFO = INCLUDE_SOURCE;
				MTL_FAST_MATH = YES;
				ONLY_ACTIVE_ARCH = YES;
				SDKROOT = iphoneos;
				SWIFT_ACTIVE_COMPILATION_CONDITIONS = DEBUG;
				SWIFT_OPTIMIZATION_LEVEL = "-Onone";
			};
			name = Debug;
		};
		79274C302230F9D5005F1F2D /* Release */ = {
			isa = XCBuildConfiguration;
			buildSettings = {
				ALWAYS_SEARCH_USER_PATHS = NO;
				CLANG_ANALYZER_NONNULL = YES;
				CLANG_ANALYZER_NUMBER_OBJECT_CONVERSION = YES_AGGRESSIVE;
				CLANG_CXX_LANGUAGE_STANDARD = "gnu++14";
				CLANG_CXX_LIBRARY = "libc++";
				CLANG_ENABLE_MODULES = YES;
				CLANG_ENABLE_OBJC_ARC = YES;
				CLANG_ENABLE_OBJC_WEAK = YES;
				CLANG_WARN_BLOCK_CAPTURE_AUTORELEASING = YES;
				CLANG_WARN_BOOL_CONVERSION = YES;
				CLANG_WARN_COMMA = YES;
				CLANG_WARN_CONSTANT_CONVERSION = YES;
				CLANG_WARN_DEPRECATED_OBJC_IMPLEMENTATIONS = YES;
				CLANG_WARN_DIRECT_OBJC_ISA_USAGE = YES_ERROR;
				CLANG_WARN_DOCUMENTATION_COMMENTS = YES;
				CLANG_WARN_EMPTY_BODY = YES;
				CLANG_WARN_ENUM_CONVERSION = YES;
				CLANG_WARN_INFINITE_RECURSION = YES;
				CLANG_WARN_INT_CONVERSION = YES;
				CLANG_WARN_NON_LITERAL_NULL_CONVERSION = YES;
				CLANG_WARN_OBJC_IMPLICIT_RETAIN_SELF = YES;
				CLANG_WARN_OBJC_LITERAL_CONVERSION = YES;
				CLANG_WARN_OBJC_ROOT_CLASS = YES_ERROR;
				CLANG_WARN_RANGE_LOOP_ANALYSIS = YES;
				CLANG_WARN_STRICT_PROTOTYPES = YES;
				CLANG_WARN_SUSPICIOUS_MOVE = YES;
				CLANG_WARN_UNGUARDED_AVAILABILITY = YES_AGGRESSIVE;
				CLANG_WARN_UNREACHABLE_CODE = YES;
				CLANG_WARN__DUPLICATE_METHOD_MATCH = YES;
				CODE_SIGN_IDENTITY = "iPhone Developer";
				COPY_PHASE_STRIP = NO;
				DEBUG_INFORMATION_FORMAT = "dwarf-with-dsym";
				ENABLE_NS_ASSERTIONS = NO;
				ENABLE_STRICT_OBJC_MSGSEND = YES;
				GCC_C_LANGUAGE_STANDARD = gnu11;
				GCC_NO_COMMON_BLOCKS = YES;
				GCC_WARN_64_TO_32_BIT_CONVERSION = YES;
				GCC_WARN_ABOUT_RETURN_TYPE = YES_ERROR;
				GCC_WARN_UNDECLARED_SELECTOR = YES;
				GCC_WARN_UNINITIALIZED_AUTOS = YES_AGGRESSIVE;
				GCC_WARN_UNUSED_FUNCTION = YES;
				GCC_WARN_UNUSED_VARIABLE = YES;
				IPHONEOS_DEPLOYMENT_TARGET = 11.4;
				MTL_ENABLE_DEBUG_INFO = NO;
				MTL_FAST_MATH = YES;
				SDKROOT = iphoneos;
				SWIFT_COMPILATION_MODE = wholemodule;
				SWIFT_OPTIMIZATION_LEVEL = "-O";
				VALIDATE_PRODUCT = YES;
			};
			name = Release;
		};
		79274C322230F9D5005F1F2D /* Debug */ = {
			isa = XCBuildConfiguration;
			baseConfigurationReference = EFFE6A37D8236F503A20937D /* Pods-LoveCounterApp.debug.xcconfig */;
			buildSettings = {
				ASSETCATALOG_COMPILER_APPICON_NAME = AppIcon;
				CODE_SIGN_IDENTITY = "iPhone Developer";
				CODE_SIGN_STYLE = Automatic;
				DEVELOPMENT_TEAM = K2G8UU4QYX;
				INFOPLIST_FILE = LoveCounterApp/Info.plist;
				IPHONEOS_DEPLOYMENT_TARGET = 12.1;
				LD_RUNPATH_SEARCH_PATHS = (
					"$(inherited)",
					"@executable_path/Frameworks",
				);
				PRODUCT_BUNDLE_IDENTIFIER = com.richard.LoveCounterApp;
				PRODUCT_NAME = "$(TARGET_NAME)";
				PROVISIONING_PROFILE_SPECIFIER = "";
				SWIFT_VERSION = 5.0;
				TARGETED_DEVICE_FAMILY = "1,2";
			};
			name = Debug;
		};
		79274C332230F9D5005F1F2D /* Release */ = {
			isa = XCBuildConfiguration;
			baseConfigurationReference = B0FC2498124851B8B85D0E3E /* Pods-LoveCounterApp.release.xcconfig */;
			buildSettings = {
				ASSETCATALOG_COMPILER_APPICON_NAME = AppIcon;
				CODE_SIGN_IDENTITY = "iPhone Developer";
				CODE_SIGN_STYLE = Automatic;
				DEVELOPMENT_TEAM = K2G8UU4QYX;
				INFOPLIST_FILE = LoveCounterApp/Info.plist;
				IPHONEOS_DEPLOYMENT_TARGET = 12.1;
				LD_RUNPATH_SEARCH_PATHS = (
					"$(inherited)",
					"@executable_path/Frameworks",
				);
				PRODUCT_BUNDLE_IDENTIFIER = com.richard.LoveCounterApp;
				PRODUCT_NAME = "$(TARGET_NAME)";
				PROVISIONING_PROFILE_SPECIFIER = "";
				SWIFT_VERSION = 5.0;
				TARGETED_DEVICE_FAMILY = "1,2";
			};
			name = Release;
		};
/* End XCBuildConfiguration section */

/* Begin XCConfigurationList section */
		79274C1A2230F9D4005F1F2D /* Build configuration list for PBXProject "LoveCounterApp" */ = {
			isa = XCConfigurationList;
			buildConfigurations = (
				79274C2F2230F9D5005F1F2D /* Debug */,
				79274C302230F9D5005F1F2D /* Release */,
			);
			defaultConfigurationIsVisible = 0;
			defaultConfigurationName = Release;
		};
		79274C312230F9D5005F1F2D /* Build configuration list for PBXNativeTarget "LoveCounterApp" */ = {
			isa = XCConfigurationList;
			buildConfigurations = (
				79274C322230F9D5005F1F2D /* Debug */,
				79274C332230F9D5005F1F2D /* Release */,
			);
			defaultConfigurationIsVisible = 0;
			defaultConfigurationName = Release;
		};
/* End XCConfigurationList section */
	};
	rootObject = 79274C172230F9D4005F1F2D /* Project object */;
}
